{
  "name": "galho",
  "version": "1.0.3",
  "lockfileVersion": 2,
  "requires": true,
  "packages": {
    "": {
      "name": "galho",
      "version": "1.0.3",
      "license": "MIT",
      "dependencies": {
        "handler": "file:../handler"
      },
      "devDependencies": {},
      "optionalDependencies": {
        "csstype": "*"
      }
    },
    "../handler": {
      "version": "1.0.0",
      "license": "ISC"
    },
    "node_modules/csstype": {
      "version": "3.0.8",
      "resolved": "https://registry.npmjs.org/csstype/-/csstype-3.0.8.tgz",
      "integrity": "sha512-jXKhWqXPmlUeoQnF/EhTtTl4C9SnrxSH/jZUih3jmO6lBKr99rP3/+FmrMj4EFpOXzMtXHAZkd3x0E6h6Fgflw==",
      "optional": true
    },
    "node_modules/handler": {
      "resolved": "../handler",
      "link": true
    }
  },
  "dependencies": {
    "csstype": {
      "version": "3.0.8",
      "resolved": "https://registry.npmjs.org/csstype/-/csstype-3.0.8.tgz",
      "integrity": "sha512-jXKhWqXPmlUeoQnF/EhTtTl4C9SnrxSH/jZUih3jmO6lBKr99rP3/+FmrMj4EFpOXzMtXHAZkd3x0E6h6Fgflw==",
      "optional": true
    },
    "handler": {
      "version": "file:../handler"
    }
  }
}
